
Microsoft Visual Studio Solution File, Format Version 12.00
# Visual Studio Version 17
VisualStudioVersion = 17.6.33829.357
MinimumVisualStudioVersion = 10.0.40219.1
Project("{FAE04EC0-301F-11D3-BF4B-00C04F79EFBC}") = "CSharp_Bai7", "CSharp_Bai7.csproj", "{3A00F12C-EE87-409A-9760-5AD79B067E8F}"
EndProject
Global
	GlobalSection(SolutionConfigurationPlatforms) = preSolution
		Debug|Any CPU = Debug|Any CPU
		Release|Any CPU = Release|Any CPU
	EndGlobalSection
	GlobalSection(ProjectConfigurationPlatforms) = postSolution
		{3A00F12C-EE87-409A-9760-5AD79B067E8F}.Debug|Any CPU.ActiveCfg = Debug|Any CPU
		{3A00F12C-EE87-409A-9760-5AD79B067E8F}.Debug|Any CPU.Build.0 = Debug|Any CPU
		{3A00F12C-EE87-409A-9760-5AD79B067E8F}.Release|Any CPU.ActiveCfg = Release|Any CPU
		{3A00F12C-EE87-409A-9760-5AD79B067E8F}.Release|Any CPU.Build.0 = Release|Any CPU
	EndGlobalSection
	GlobalSection(SolutionProperties) = preSolution
		HideSolutionNode = FALSE
	EndGlobalSection
	GlobalSection(ExtensibilityGlobals) = postSolution
		SolutionGuid = {53C3A22E-D293-4550-8973-534CA3E09808}
	EndGlobalSection
EndGlobal
